
Microsoft Visual Studio Solution File, Format Version 12.00
# Visual Studio Version 16
VisualStudioVersion = 16.0.32413.511
MinimumVisualStudioVersion = 10.0.40219.1
Project("{FAE04EC0-301F-11D3-BF4B-00C04F79EFBC}") = "Goal.Services.Api", "Goal.Services.Api\Goal.Services.Api.csproj", "{105AC823-0155-49E4-9BB6-98862129EEDD}"
EndProject
Project("{2150E333-8FDC-42A3-9474-1A3956D46DE8}") = "1 - Services", "1 - Services", "{FA006635-FFBA-4E2B-A244-1475F3813A7F}"
EndProject
Project("{2150E333-8FDC-42A3-9474-1A3956D46DE8}") = "2 - Aplication", "2 - Aplication", "{0E24779B-EC42-4C1D-A84F-43D520A59204}"
EndProject
Project("{2150E333-8FDC-42A3-9474-1A3956D46DE8}") = "3 - Domain", "3 - Domain", "{65C13808-4EE3-4725-A51A-B9FA1CD135B3}"
EndProject
Project("{2150E333-8FDC-42A3-9474-1A3956D46DE8}") = "4 - Infra", "4 - Infra", "{5CC8AE99-47B0-4A18-8130-5C708C8A485F}"
EndProject
Project("{9A19103F-16F7-4668-BE54-9A1E7A4F7556}") = "Goal.Application", "Goal.Application\Goal.Application.csproj", "{5DBEE354-92A4-4A64-8BE6-25974836143B}"
EndProject
Project("{9A19103F-16F7-4668-BE54-9A1E7A4F7556}") = "Goal.Domain", "Goal.Domain\Goal.Domain.csproj", "{792C5D9F-426F-4D14-83EE-EB6E9BD1B796}"
EndProject
Project("{9A19103F-16F7-4668-BE54-9A1E7A4F7556}") = "Goal.Infra.Data", "Goal.Infra\Goal.Infra.Data.csproj", "{C47C8D90-2977-4E44-8FB7-AA3A1C3E6F76}"
EndProject
Project("{2150E333-8FDC-42A3-9474-1A3956D46DE8}") = "5 - Test", "5 - Test", "{6C2AE1B2-595A-4BC2-AC96-039B37B0A707}"
EndProject
Project("{9A19103F-16F7-4668-BE54-9A1E7A4F7556}") = "Goal.Tests", "Goal.Tests\Goal.Tests.csproj", "{A0A697E8-B7BF-4A85-BC98-63B9CD1684D2}"
EndProject
Project("{9A19103F-16F7-4668-BE54-9A1E7A4F7556}") = "Goal.Infra.IoC", "Goal.Infra.IoC\Goal.Infra.IoC.csproj", "{9EEC0A28-F793-4380-82FE-B4F4BF6C4CEF}"
EndProject
Project("{2150E333-8FDC-42A3-9474-1A3956D46DE8}") = "6 - Doc", "6 - Doc", "{B59F3F27-0683-4A5A-945B-E32D50E00D29}"
	ProjectSection(SolutionItems) = preProject
		README.md = README.md
	EndProjectSection
EndProject
Global
	GlobalSection(SolutionConfigurationPlatforms) = preSolution
		Debug|Any CPU = Debug|Any CPU
		Release|Any CPU = Release|Any CPU
	EndGlobalSection
	GlobalSection(ProjectConfigurationPlatforms) = postSolution
		{105AC823-0155-49E4-9BB6-98862129EEDD}.Debug|Any CPU.ActiveCfg = Debug|Any CPU
		{105AC823-0155-49E4-9BB6-98862129EEDD}.Debug|Any CPU.Build.0 = Debug|Any CPU
		{105AC823-0155-49E4-9BB6-98862129EEDD}.Release|Any CPU.ActiveCfg = Release|Any CPU
		{105AC823-0155-49E4-9BB6-98862129EEDD}.Release|Any CPU.Build.0 = Release|Any CPU
		{5DBEE354-92A4-4A64-8BE6-25974836143B}.Debug|Any CPU.ActiveCfg = Debug|Any CPU
		{5DBEE354-92A4-4A64-8BE6-25974836143B}.Debug|Any CPU.Build.0 = Debug|Any CPU
		{5DBEE354-92A4-4A64-8BE6-25974836143B}.Release|Any CPU.ActiveCfg = Release|Any CPU
		{5DBEE354-92A4-4A64-8BE6-25974836143B}.Release|Any CPU.Build.0 = Release|Any CPU
		{792C5D9F-426F-4D14-83EE-EB6E9BD1B796}.Debug|Any CPU.ActiveCfg = Debug|Any CPU
		{792C5D9F-426F-4D14-83EE-EB6E9BD1B796}.Debug|Any CPU.Build.0 = Debug|Any CPU
		{792C5D9F-426F-4D14-83EE-EB6E9BD1B796}.Release|Any CPU.ActiveCfg = Release|Any CPU
		{792C5D9F-426F-4D14-83EE-EB6E9BD1B796}.Release|Any CPU.Build.0 = Release|Any CPU
		{C47C8D90-2977-4E44-8FB7-AA3A1C3E6F76}.Debug|Any CPU.ActiveCfg = Debug|Any CPU
		{C47C8D90-2977-4E44-8FB7-AA3A1C3E6F76}.Debug|Any CPU.Build.0 = Debug|Any CPU
		{C47C8D90-2977-4E44-8FB7-AA3A1C3E6F76}.Release|Any CPU.ActiveCfg = Release|Any CPU
		{C47C8D90-2977-4E44-8FB7-AA3A1C3E6F76}.Release|Any CPU.Build.0 = Release|Any CPU
		{A0A697E8-B7BF-4A85-BC98-63B9CD1684D2}.Debug|Any CPU.ActiveCfg = Debug|Any CPU
		{A0A697E8-B7BF-4A85-BC98-63B9CD1684D2}.Debug|Any CPU.Build.0 = Debug|Any CPU
		{A0A697E8-B7BF-4A85-BC98-63B9CD1684D2}.Release|Any CPU.ActiveCfg = Release|Any CPU
		{A0A697E8-B7BF-4A85-BC98-63B9CD1684D2}.Release|Any CPU.Build.0 = Release|Any CPU
		{9EEC0A28-F793-4380-82FE-B4F4BF6C4CEF}.Debug|Any CPU.ActiveCfg = Debug|Any CPU
		{9EEC0A28-F793-4380-82FE-B4F4BF6C4CEF}.Debug|Any CPU.Build.0 = Debug|Any CPU
		{9EEC0A28-F793-4380-82FE-B4F4BF6C4CEF}.Release|Any CPU.ActiveCfg = Release|Any CPU
		{9EEC0A28-F793-4380-82FE-B4F4BF6C4CEF}.Release|Any CPU.Build.0 = Release|Any CPU
	EndGlobalSection
	GlobalSection(SolutionProperties) = preSolution
		HideSolutionNode = FALSE
	EndGlobalSection
	GlobalSection(NestedProjects) = preSolution
		{105AC823-0155-49E4-9BB6-98862129EEDD} = {FA006635-FFBA-4E2B-A244-1475F3813A7F}
		{5DBEE354-92A4-4A64-8BE6-25974836143B} = {0E24779B-EC42-4C1D-A84F-43D520A59204}
		{792C5D9F-426F-4D14-83EE-EB6E9BD1B796} = {65C13808-4EE3-4725-A51A-B9FA1CD135B3}
		{C47C8D90-2977-4E44-8FB7-AA3A1C3E6F76} = {5CC8AE99-47B0-4A18-8130-5C708C8A485F}
		{A0A697E8-B7BF-4A85-BC98-63B9CD1684D2} = {6C2AE1B2-595A-4BC2-AC96-039B37B0A707}
		{9EEC0A28-F793-4380-82FE-B4F4BF6C4CEF} = {5CC8AE99-47B0-4A18-8130-5C708C8A485F}
	EndGlobalSection
	GlobalSection(ExtensibilityGlobals) = postSolution
		SolutionGuid = {AF764390-E086-4FFD-81FE-EBBD738571C4}
	EndGlobalSection
EndGlobal
